// !$*UTF8*$!
{
	archiveVersion = 1;
	classes = {
	};
	objectVersion = 48;
	objects = {

/* Begin PBXBuildFile section */
		B8F3E9071FFD7B7300610689 /* AppDelegate.swift in Sources */ = {isa = PBXBuildFile; fileRef = B8F3E9061FFD7B7300610689 /* AppDelegate.swift */; };
		B8F3E9091FFD7B7300610689 /* ViewController.swift in Sources */ = {isa = PBXBuildFile; fileRef = B8F3E9081FFD7B7300610689 /* ViewController.swift */; };
		B8F3E90C1FFD7B7300610689 /* Main.storyboard in Resources */ = {isa = PBXBuildFile; fileRef = B8F3E90A1FFD7B7300610689 /* Main.storyboard */; };
		B8F3E90E1FFD7B7300610689 /* Assets.xcassets in Resources */ = {isa = PBXBuildFile; fileRef = B8F3E90D1FFD7B7300610689 /* Assets.xcassets */; };
		B8F3E9111FFD7B7300610689 /* LaunchScreen.storyboard in Resources */ = {isa = PBXBuildFile; fileRef = B8F3E90F1FFD7B7300610689 /* LaunchScreen.storyboard */; };
/* End PBXBuildFile section */

/* Begin PBXFileReference section */
		B8F3E9031FFD7B7300610689 /* JSONRequest.app */ = {isa = PBXFileReference; explicitFileType = wrapper.application; includeInIndex = 0; path = JSONRequest.app; sourceTree = BUILT_PRODUCTS_DIR; };
		B8F3E9061FFD7B7300610689 /* AppDelegate.swift */ = {isa = PBXFileReference; lastKnownFileType = sourcecode.swift; path = AppDelegate.swift; sourceTree = "<group>"; };
		B8F3E9081FFD7B7300610689 /* ViewController.swift */ = {isa = PBXFileReference; lastKnownFileType = sourcecode.swift; path = ViewController.swift; sourceTree = "<group>"; };
		B8F3E90B1FFD7B7300610689 /* Base */ = {isa = PBXFileReference; lastKnownFileType = file.storyboard; name = Base; path = Base.lproj/Main.storyboard; sourceTree = "<group>"; };
		B8F3E90D1FFD7B7300610689 /* Assets.xcassets */ = {isa = PBXFileReference; lastKnownFileType = folder.assetcatalog; path = Assets.xcassets; sourceTree = "<group>"; };
		B8F3E9101FFD7B7300610689 /* Base */ = {isa = PBXFileReference; lastKnownFileType = file.storyboard; name = Base; path = Base.lproj/LaunchScreen.storyboard; sourceTree = "<group>"; };
		B8F3E9121FFD7B7300610689 /* Info.plist */ = {isa = PBXFileReference; lastKnownFileType = text.plist.xml; path = Info.plist; sourceTree = "<group>"; };
/* End PBXFileReference section */

/* Begin PBXFrameworksBuildPhase section */
		B8F3E9001FFD7B7300610689 /* Frameworks */ = {
			isa = PBXFrameworksBuildPhase;
			buildActionMask = 2147483647;
			files = (
			);
			runOnlyForDeploymentPostprocessing = 0;
		};
/* End PBXFrameworksBuildPhase section */

/* Begin PBXGroup section */
		B8F3E8FA1FFD7B7300610689 = {
			isa = PBXGroup;
			children = (
				B8F3E9051FFD7B7300610689 /* JSONRequest */,
				B8F3E9041FFD7B7300610689 /* Products */,
			);
			sourceTree = "<group>";
		};
		B8F3E9041FFD7B7300610689 /* Products */ = {
			isa = PBXGroup;
			children = (
				B8F3E9031FFD7B7300610689 /* JSONRequest.app */,
			);
			name = Products;
			sourceTree = "<group>";
		};
		B8F3E9051FFD7B7300610689 /* JSONRequest */ = {
			isa = PBXGroup;
			children = (
				B8F3E9061FFD7B7300610689 /* AppDelegate.swift */,
				B8F3E9081FFD7B7300610689 /* ViewController.swift */,
				B8F3E90A1FFD7B7300610689 /* Main.storyboard */,
				B8F3E90D1FFD7B7300610689 /* Assets.xcassets */,
				B8F3E90F1FFD7B7300610689 /* LaunchScreen.storyboard */,
				B8F3E9121FFD7B7300610689 /* Info.plist */,
			);
			path = JSONRequest;
			sourceTree = "<group>";
		};
/* End PBXGroup section */

/* Begin PBXNativeTarget section */
		B8F3E9021FFD7B7300610689 /* JSONRequest */ = {
			isa = PBXNativeTarget;
			buildConfigurationList = B8F3E9151FFD7B7300610689 /* Build configuration list for PBXNativeTarget "JSONRequest" */;
			buildPhases = (
				B8F3E8FF1FFD7B7300610689 /* Sources */,
				B8F3E9001FFD7B7300610689 /* Frameworks */,
				B8F3E9011FFD7B7300610689 /* Resources */,
			);
			buildRules = (
			);
			dependencies = (
			);
			name = JSONRequest;
			productName = JSONRequest;
			productReference = B8F3E9031FFD7B7300610689 /* JSONRequest.app */;
			productType = "com.apple.product-type.application";
		};
/* End PBXNativeTarget section */

/* Begin PBXProject section */
		B8F3E8FB1FFD7B7300610689 /* Project object */ = {
			isa = PBXProject;
			attributes = {
				LastSwiftUpdateCheck = 0920;
				LastUpgradeCheck = 0920;
				ORGANIZATIONNAME = "Luis Santiago ";
				TargetAttributes = {
					B8F3E9021FFD7B7300610689 = {
						CreatedOnToolsVersion = 9.2;
						ProvisioningStyle = Automatic;
					};
				};
			};
			buildConfigurationList = B8F3E8FE1FFD7B7300610689 /* Build configuration list for PBXProject "JSONRequest" */;
			compatibilityVersion = "Xcode 8.0";
			developmentRegion = en;
			hasScannedForEncodings = 0;
			knownRegions = (
				en,
				Base,
			);
			mainGroup = B8F3E8FA1FFD7B7300610689;
			productRefGroup = B8F3E9041FFD7B7300610689 /* Products */;
			projectDirPath = "";
			projectRoot = "";
			targets = (
				B8F3E9021FFD7B7300610689 /* JSONRequest */,
			);
		};
/* End PBXProject section */

/* Begin PBXResourcesBuildPhase section */
		B8F3E9011FFD7B7300610689 /* Resources */ = {
			isa = PBXResourcesBuildPhase;
			buildActionMask = 2147483647;
			files = (
				B8F3E9111FFD7B7300610689 /* LaunchScreen.storyboard in Resources */,
				B8F3E90E1FFD7B7300610689 /* Assets.xcassets in Resources */,
				B8F3E90C1FFD7B7300610689 /* Main.storyboard in Resources */,
			);
			runOnlyForDeploymentPostprocessing = 0;
		};
/* End PBXResourcesBuildPhase section */

/* Begin PBXSourcesBuildPhase section */
		B8F3E8FF1FFD7B7300610689 /* Sources */ = {
			isa = PBXSourcesBuildPhase;
			buildActionMask = 2147483647;
			files = (
				B8F3E9091FFD7B7300610689 /* ViewController.swift in Sources */,
				B8F3E9071FFD7B7300610689 /* AppDelegate.swift in Sources */,
			);
			runOnlyForDeploymentPostprocessing = 0;
		};
/* End PBXSourcesBuildPhase section */

/* Begin PBXVariantGroup section */
		B8F3E90A1FFD7B7300610689 /* Main.storyboard */ = {
			isa = PBXVariantGroup;
			children = (
				B8F3E90B1FFD7B7300610689 /* Base */,
			);
			name = Main.storyboard;
			sourceTree = "<group>";
		};
		B8F3E90F1FFD7B7300610689 /* LaunchScreen.storyboard */ = {
			isa = PBXVariantGroup;
			children = (
				B8F3E9101FFD7B7300610689 /* Base */,
			);
			name = LaunchScreen.storyboard;
			sourceTree = "<group>";
		};
/* End PBXVariantGroup section */

/* Begin XCBuildConfiguration section */
		B8F3E9131FFD7B7300610689 /* Debug */ = {
			isa = XCBuildConfiguration;
			buildSettings = {
				ALWAYS_SEARCH_USER_PATHS = NO;
				CLANG_ANALYZER_NONNULL = YES;
				CLANG_ANALYZER_NUMBER_OBJECT_CONVERSION = YES_AGGRESSIVE;
				CLANG_CXX_LANGUAGE_STANDARD = "gnu++14";
				CLANG_CXX_LIBRARY = "libc++";
				CLANG_ENABLE_MODULES = YES;
				CLANG_ENABLE_OBJC_ARC = YES;
				CLANG_WARN_BLOCK_CAPTURE_AUTORELEASING = YES;
				CLANG_WARN_BOOL_CONVERSION = YES;
				CLANG_WARN_COMMA = YES;
				CLANG_WARN_CONSTANT_CONVERSION = YES;
				CLANG_WARN_DIRECT_OBJC_ISA_USAGE = YES_ERROR;
				CLANG_WARN_DOCUMENTATION_COMMENTS = YES;
				CLANG_WARN_EMPTY_BODY = YES;
				CLANG_WARN_ENUM_CONVERSION = YES;
				CLANG_WARN_INFINITE_RECURSION = YES;
				CLANG_WARN_INT_CONVERSION = YES;
				CLANG_WARN_NON_LITERAL_NULL_CONVERSION = YES;
				CLANG_WARN_OBJC_LITERAL_CONVERSION = YES;
				CLANG_WARN_OBJC_ROOT_CLASS = YES_ERROR;
				CLANG_WARN_RANGE_LOOP_ANALYSIS = YES;
				CLANG_WARN_STRICT_PROTOTYPES = YES;
				CLANG_WARN_SUSPICIOUS_MOVE = YES;
				CLANG_WARN_UNGUARDED_AVAILABILITY = YES_AGGRESSIVE;
				CLANG_WARN_UNREACHABLE_CODE = YES;
				CLANG_WARN__DUPLICATE_METHOD_MATCH = YES;
				CODE_SIGN_IDENTITY = "iPhone Developer";
				COPY_PHASE_STRIP = NO;
				DEBUG_INFORMATION_FORMAT = dwarf;
				ENABLE_STRICT_OBJC_MSGSEND = YES;
				ENABLE_TESTABILITY = YES;
				GCC_C_LANGUAGE_STANDARD = gnu11;
				GCC_DYNAMIC_NO_PIC = NO;
				GCC_NO_COMMON_BLOCKS = YES;
				GCC_OPTIMIZATION_LEVEL = 0;
				GCC_PREPROCESSOR_DEFINITIONS = (
					"DEBUG=1",
					"$(inherited)",
				);
				GCC_WARN_64_TO_32_BIT_CONVERSION = YES;
				GCC_WARN_ABOUT_RETURN_TYPE = YES_ERROR;
				GCC_WARN_UNDECLARED_SELECTOR = YES;
				GCC_WARN_UNINITIALIZED_AUTOS = YES_AGGRESSIVE;
				GCC_WARN_UNUSED_FUNCTION = YES;
				GCC_WARN_UNUSED_VARIABLE = YES;
				IPHONEOS_DEPLOYMENT_TARGET = 11.2;
				MTL_ENABLE_DEBUG_INFO = YES;
				ONLY_ACTIVE_ARCH = YES;
				SDKROOT = iphoneos;
				SWIFT_ACTIVE_COMPILATION_CONDITIONS = DEBUG;
				SWIFT_OPTIMIZATION_LEVEL = "-Onone";
			};
			name = Debug;
		};
		B8F3E9141FFD7B7300610689 /* Release */ = {
			isa = XCBuildConfiguration;
			buildSettings = {
				ALWAYS_SEARCH_USER_PATHS = NO;
				CLANG_ANALYZER_NONNULL = YES;
				CLANG_ANALYZER_NUMBER_OBJECT_CONVERSION = YES_AGGRESSIVE;
				CLANG_CXX_LANGUAGE_STANDARD = "gnu++14";
				CLANG_CXX_LIBRARY = "libc++";
				CLANG_ENABLE_MODULES = YES;
				CLANG_ENABLE_OBJC_ARC = YES;
				CLANG_WARN_BLOCK_CAPTURE_AUTORELEASING = YES;
				CLANG_WARN_BOOL_CONVERSION = YES;
				CLANG_WARN_COMMA = YES;
				CLANG_WARN_CONSTANT_CONVERSION = YES;
				CLANG_WARN_DIRECT_OBJC_ISA_USAGE = YES_ERROR;
				CLANG_WARN_DOCUMENTATION_COMMENTS = YES;
				CLANG_WARN_EMPTY_BODY = YES;
				CLANG_WARN_ENUM_CONVERSION = YES;
				CLANG_WARN_INFINITE_RECURSION = YES;
				CLANG_WARN_INT_CONVERSION = YES;
				CLANG_WARN_NON_LITERAL_NULL_CONVERSION = YES;
				CLANG_WARN_OBJC_LITERAL_CONVERSION = YES;
				CLANG_WARN_OBJC_ROOT_CLASS = YES_ERROR;
				CLANG_WARN_RANGE_LOOP_ANALYSIS = YES;
				CLANG_WARN_STRICT_PROTOTYPES = YES;
				CLANG_WARN_SUSPICIOUS_MOVE = YES;
				CLANG_WARN_UNGUARDED_AVAILABILITY = YES_AGGRESSIVE;
				CLANG_WARN_UNREACHABLE_CODE = YES;
				CLANG_WARN__DUPLICATE_METHOD_MATCH = YES;
				CODE_SIGN_IDENTITY = "iPhone Developer";
				COPY_PHASE_STRIP = NO;
				DEBUG_INFORMATION_FORMAT = "dwarf-with-dsym";
				ENABLE_NS_ASSERTIONS = NO;
				ENABLE_STRICT_OBJC_MSGSEND = YES;
				GCC_C_LANGUAGE_STANDARD = gnu11;
				GCC_NO_COMMON_BLOCKS = YES;
				GCC_WARN_64_TO_32_BIT_CONVERSION = YES;
				GCC_WARN_ABOUT_RETURN_TYPE = YES_ERROR;
				GCC_WARN_UNDECLARED_SELECTOR = YES;
				GCC_WARN_UNINITIALIZED_AUTOS = YES_AGGRESSIVE;
				GCC_WARN_UNUSED_FUNCTION = YES;
				GCC_WARN_UNUSED_VARIABLE = YES;
				IPHONEOS_DEPLOYMENT_TARGET = 11.2;
				MTL_ENABLE_DEBUG_INFO = NO;
				SDKROOT = iphoneos;
				SWIFT_OPTIMIZATION_LEVEL = "-Owholemodule";
				VALIDATE_PRODUCT = YES;
			};
			name = Release;
		};
		B8F3E9161FFD7B7300610689 /* Debug */ = {
			isa = XCBuildConfiguration;
			buildSettings = {
				ASSETCATALOG_COMPILER_APPICON_NAME = AppIcon;
				CODE_SIGN_STYLE = Automatic;
				DEVELOPMENT_TEAM = 7F3CZT542G;
				INFOPLIST_FILE = JSONRequest/Info.plist;
				LD_RUNPATH_SEARCH_PATHS = "$(inherited) @executable_path/Frameworks";
				PRODUCT_BUNDLE_IDENTIFIER = "luis-santiago.com.JSONRequest";
				PRODUCT_NAME = "$(TARGET_NAME)";
				SWIFT_VERSION = 4.0;
				TARGETED_DEVICE_FAMILY = "1,2";
			};
			name = Debug;
		};
		B8F3E9171FFD7B7300610689 /* Release */ = {
			isa = XCBuildConfiguration;
			buildSettings = {
				ASSETCATALOG_COMPILER_APPICON_NAME = AppIcon;
				CODE_SIGN_STYLE = Automatic;
				DEVELOPMENT_TEAM = 7F3CZT542G;
				INFOPLIST_FILE = JSONRequest/Info.plist;
				LD_RUNPATH_SEARCH_PATHS = "$(inherited) @executable_path/Frameworks";
				PRODUCT_BUNDLE_IDENTIFIER = "luis-santiago.com.JSONRequest";
				PRODUCT_NAME = "$(TARGET_NAME)";
				SWIFT_VERSION = 4.0;
				TARGETED_DEVICE_FAMILY = "1,2";
			};
			name = Release;
		};
/* End XCBuildConfiguration section */

/* Begin XCConfigurationList section */
		B8F3E8FE1FFD7B7300610689 /* Build configuration list for PBXProject "JSONRequest" */ = {
			isa = XCConfigurationList;
			buildConfigurations = (
				B8F3E9131FFD7B7300610689 /* Debug */,
				B8F3E9141FFD7B7300610689 /* Release */,
			);
			defaultConfigurationIsVisible = 0;
			defaultConfigurationName = Release;
		};
		B8F3E9151FFD7B7300610689 /* Build configuration list for PBXNativeTarget "JSONRequest" */ = {
			isa = XCConfigurationList;
			buildConfigurations = (
				B8F3E9161FFD7B7300610689 /* Debug */,
				B8F3E9171FFD7B7300610689 /* Release */,
			);
			defaultConfigurationIsVisible = 0;
			defaultConfigurationName = Release;
		};
/* End XCConfigurationList section */
	};
	rootObject = B8F3E8FB1FFD7B7300610689 /* Project object */;
}
